// !$*UTF8*$!
{
	archiveVersion = 1;
	classes = {
	};
	objectVersion = 48;
	objects = {

/* Begin PBXBuildFile section */
		5F25119224132F5E00B9B84C /* powerups.sks in Resources */ = {isa = PBXBuildFile; fileRef = 5F25119124132F5E00B9B84C /* powerups.sks */; };
		5F302E012419A5B0001D709D /* eats.sks in Resources */ = {isa = PBXBuildFile; fileRef = 5F302E002419A5B0001D709D /* eats.sks */; };
		5F59A5D42419A76E0007A890 /* animals.sks in Resources */ = {isa = PBXBuildFile; fileRef = 5F59A5D32419A76E0007A890 /* animals.sks */; };
		5F635959229B53DA00C9ACE0 /* elements.sks in Resources */ = {isa = PBXBuildFile; fileRef = 5F635958229B53DA00C9ACE0 /* elements.sks */; };
		5F63595F229B737A00C9ACE0 /* actors.sks in Resources */ = {isa = PBXBuildFile; fileRef = 5F63595E229B737A00C9ACE0 /* actors.sks */; };
		5F635965229B7FDE00C9ACE0 /* ugly.sks in Resources */ = {isa = PBXBuildFile; fileRef = 5F635964229B7FDE00C9ACE0 /* ugly.sks */; };
		5F635967229C660300C9ACE0 /* end.sks in Resources */ = {isa = PBXBuildFile; fileRef = 5F635966229C660300C9ACE0 /* end.sks */; };
		5F6F7699229A39FB0058B45E /* land.sks in Resources */ = {isa = PBXBuildFile; fileRef = 5F6F7698229A39FA0058B45E /* land.sks */; };
		5F7488A42419A8370044DE2C /* things.sks in Resources */ = {isa = PBXBuildFile; fileRef = 5F7488A32419A8370044DE2C /* things.sks */; };
		5F82BF1724774D360027F17F /* 2.sks in Resources */ = {isa = PBXBuildFile; fileRef = 5F82BF1624774D360027F17F /* 2.sks */; };
		5F931E9D2475D68F005D0B14 /* blackHole.sks in Resources */ = {isa = PBXBuildFile; fileRef = 5F931E9C2475D68F005D0B14 /* blackHole.sks */; };
		5F931E9E24760B88005D0B14 /* 1.sks in Resources */ = {isa = PBXBuildFile; fileRef = EA103B2F200C20E400C6BBCB /* 1.sks */; };
		5FA3637D24184F0D0053A0C2 /* level01.sks in Resources */ = {isa = PBXBuildFile; fileRef = 5FA3637C24184F0D0053A0C2 /* level01.sks */; };
		5FA3637F241850E20053A0C2 /* level000.sks in Resources */ = {isa = PBXBuildFile; fileRef = 5FA3637E241850E20053A0C2 /* level000.sks */; };
		5FB573FC240FD520005877C1 /* gold.sks in Resources */ = {isa = PBXBuildFile; fileRef = 5FB573FB240FD520005877C1 /* gold.sks */; };
		5FC8F68222939265004D8AB1 /* BadGuy.swift in Sources */ = {isa = PBXBuildFile; fileRef = 5FC8F68122939265004D8AB1 /* BadGuy.swift */; };
		5FD584452473798C00002002 /* level1.sks in Resources */ = {isa = PBXBuildFile; fileRef = 5FD584442473798B00002002 /* level1.sks */; };
		5FFC64B32409993A002C2E6D /* level0.sks in Resources */ = {isa = PBXBuildFile; fileRef = 5FFC64B22409993A002C2E6D /* level0.sks */; };
		CF14B6ED20008624002784DE /* fireParticle.sks in Resources */ = {isa = PBXBuildFile; fileRef = CF14B6EC20008624002784DE /* fireParticle.sks */; };
		CF14B6EF200090B3002784DE /* AppDelegate.swift in Sources */ = {isa = PBXBuildFile; fileRef = CF14B6EE200090B3002784DE /* AppDelegate.swift */; };
		CF3A154D1FFDBE8700F2F6C6 /* FileDirectory.swift in Sources */ = {isa = PBXBuildFile; fileRef = CF3A15491FFDBE8300F2F6C6 /* FileDirectory.swift */; };
		CF3A154E1FFDBE8700F2F6C6 /* FileHelper.swift in Sources */ = {isa = PBXBuildFile; fileRef = CF3A154A1FFDBE8400F2F6C6 /* FileHelper.swift */; };
		CF3A154F1FFDBE8700F2F6C6 /* FileSave.swift in Sources */ = {isa = PBXBuildFile; fileRef = CF3A154B1FFDBE8600F2F6C6 /* FileSave.swift */; };
		CF3A15501FFDBE8700F2F6C6 /* FileLoad.swift in Sources */ = {isa = PBXBuildFile; fileRef = CF3A154C1FFDBE8700F2F6C6 /* FileLoad.swift */; };
		CF3A15561FFDBEA700F2F6C6 /* GameMenu.sks in Resources */ = {isa = PBXBuildFile; fileRef = CF3A15521FFDBEA200F2F6C6 /* GameMenu.sks */; };
		CF3A15571FFDBEA700F2F6C6 /* GameMenu.swift in Sources */ = {isa = PBXBuildFile; fileRef = CF3A15531FFDBEA300F2F6C6 /* GameMenu.swift */; };
		CF3A15581FFDBEA700F2F6C6 /* GameScene.swift in Sources */ = {isa = PBXBuildFile; fileRef = CF3A15541FFDBEA500F2F6C6 /* GameScene.swift */; };
		CF3A15591FFDBEA700F2F6C6 /* GameProjectiles.swift in Sources */ = {isa = PBXBuildFile; fileRef = CF3A15551FFDBEA700F2F6C6 /* GameProjectiles.swift */; };
		CF3A155E1FFDBEB500F2F6C6 /* GameViewController.swift in Sources */ = {isa = PBXBuildFile; fileRef = CF3A155A1FFDBEB100F2F6C6 /* GameViewController.swift */; };
		CF3A155F1FFDBEB500F2F6C6 /* GameOver.swift in Sources */ = {isa = PBXBuildFile; fileRef = CF3A155B1FFDBEB200F2F6C6 /* GameOver.swift */; };
		CF3A15601FFDBEB500F2F6C6 /* GameStartup.swift in Sources */ = {isa = PBXBuildFile; fileRef = CF3A155C1FFDBEB400F2F6C6 /* GameStartup.swift */; };
		CF3A15611FFDBEB500F2F6C6 /* GameSettings.swift in Sources */ = {isa = PBXBuildFile; fileRef = CF3A155D1FFDBEB500F2F6C6 /* GameSettings.swift */; };
		CF3A15661FFDBEDC00F2F6C6 /* LevelUp.swift in Sources */ = {isa = PBXBuildFile; fileRef = CF3A15641FFDBEDB00F2F6C6 /* LevelUp.swift */; };
		CF3A15671FFDBEDC00F2F6C6 /* StartUp.swift in Sources */ = {isa = PBXBuildFile; fileRef = CF3A15651FFDBEDC00F2F6C6 /* StartUp.swift */; };
		CF3A15691FFDBEF700F2F6C6 /* tileMapRun.swift in Sources */ = {isa = PBXBuildFile; fileRef = CF3A15681FFDBEF700F2F6C6 /* tileMapRun.swift */; };
		CF3A156E1FFDBF1300F2F6C6 /* water.sks in Resources */ = {isa = PBXBuildFile; fileRef = CF3A156C1FFDBF1100F2F6C6 /* water.sks */; };
		CF3A15751FFDBF5900F2F6C6 /* emulogic.ttf in Resources */ = {isa = PBXBuildFile; fileRef = CF3A15741FFDBF5900F2F6C6 /* emulogic.ttf */; };
		CF3A15791FFDBF7B00F2F6C6 /* music2.m4a in Resources */ = {isa = PBXBuildFile; fileRef = CF3A15771FFDBF7900F2F6C6 /* music2.m4a */; };
		CF3A157A1FFDBF7B00F2F6C6 /* music1.mp3 in Resources */ = {isa = PBXBuildFile; fileRef = CF3A15781FFDBF7B00F2F6C6 /* music1.mp3 */; };
		CF3A157D1FFDBF9500F2F6C6 /* ThumbPad.swift in Sources */ = {isa = PBXBuildFile; fileRef = CF3A157C1FFDBF9500F2F6C6 /* ThumbPad.swift */; };
		CF3A15801FFDBFA800F2F6C6 /* LaunchScreen.storyboard in Resources */ = {isa = PBXBuildFile; fileRef = CF3A157E1FFDBFA600F2F6C6 /* LaunchScreen.storyboard */; };
		CF3A158A1FFDC03200F2F6C6 /* magicParticle.sks in Resources */ = {isa = PBXBuildFile; fileRef = CF3A15881FFDC03100F2F6C6 /* magicParticle.sks */; };
		CF3A158B1FFDC03200F2F6C6 /* smokeParticle.sks in Resources */ = {isa = PBXBuildFile; fileRef = CF3A15891FFDC03200F2F6C6 /* smokeParticle.sks */; };
		CF3A158F1FFDC08500F2F6C6 /* Main.storyboard in Resources */ = {isa = PBXBuildFile; fileRef = CF3A158E1FFDC08500F2F6C6 /* Main.storyboard */; };
		CF68A4DC1FFEFC4E006848DA /* fire.m4a in Resources */ = {isa = PBXBuildFile; fileRef = CF3A15821FFDBFBC00F2F6C6 /* fire.m4a */; };
		CF68A4DD1FFEFC4E006848DA /* boomFire1.m4a in Resources */ = {isa = PBXBuildFile; fileRef = CF3A15731FFDBF2D00F2F6C6 /* boomFire1.m4a */; };
		CF68A4DE1FFEFC4E006848DA /* boomFire2.m4a in Resources */ = {isa = PBXBuildFile; fileRef = CF3A15711FFDBF2A00F2F6C6 /* boomFire2.m4a */; };
		CF68A4DF1FFEFC4E006848DA /* Explosion1.m4a in Resources */ = {isa = PBXBuildFile; fileRef = CF3A15721FFDBF2C00F2F6C6 /* Explosion1.m4a */; };
		CF68A4E01FFEFC4E006848DA /* wah2.m4a in Resources */ = {isa = PBXBuildFile; fileRef = CF3A15701FFDBF2000F2F6C6 /* wah2.m4a */; };
		EA0E9CEF200BD171004A55E8 /* murrmurr.m4a in Resources */ = {isa = PBXBuildFile; fileRef = EA0E9CEC200BD170004A55E8 /* murrmurr.m4a */; };
		EA0E9CF0200BD171004A55E8 /* doublelaser.m4a in Resources */ = {isa = PBXBuildFile; fileRef = EA0E9CED200BD170004A55E8 /* doublelaser.m4a */; };
		EA0E9CF1200BD171004A55E8 /* extralife.m4a in Resources */ = {isa = PBXBuildFile; fileRef = EA0E9CEE200BD170004A55E8 /* extralife.m4a */; };
		EA161AE9201839630006F3FA /* sadmonkey1.mp4 in Resources */ = {isa = PBXBuildFile; fileRef = EA161AE8201839630006F3FA /* sadmonkey1.mp4 */; };
		EA32F6B4202D3D4300FE7680 /* aura.sks in Resources */ = {isa = PBXBuildFile; fileRef = EA32F6B3202D3D4300FE7680 /* aura.sks */; };
		EA36F58C2022AAB70039BB18 /* minigamehole.sks in Resources */ = {isa = PBXBuildFile; fileRef = EA36F58B2022AAB70039BB18 /* minigamehole.sks */; };
		EAB316E4200B1122003C22C4 /* blueParticle.sks in Resources */ = {isa = PBXBuildFile; fileRef = EAB316E2200B1122003C22C4 /* blueParticle.sks */; };
		EAB316E5200B1122003C22C4 /* grayParticle.sks in Resources */ = {isa = PBXBuildFile; fileRef = EAB316E3200B1122003C22C4 /* grayParticle.sks */; };
		EAD9CF8A200D784300D8DDF5 /* Assets.xcassets in Resources */ = {isa = PBXBuildFile; fileRef = EAD9CF89200D784200D8DDF5 /* Assets.xcassets */; };
/* End PBXBuildFile section */

/* Begin PBXFileReference section */
		5F25119124132F5E00B9B84C /* powerups.sks */ = {isa = PBXFileReference; lastKnownFileType = file.sks; path = powerups.sks; sourceTree = "<group>"; };
		5F302E002419A5B0001D709D /* eats.sks */ = {isa = PBXFileReference; lastKnownFileType = file.sks; path = eats.sks; sourceTree = "<group>"; };
		5F59A5D32419A76E0007A890 /* animals.sks */ = {isa = PBXFileReference; lastKnownFileType = file.sks; path = animals.sks; sourceTree = "<group>"; };
		5F635958229B53DA00C9ACE0 /* elements.sks */ = {isa = PBXFileReference; lastKnownFileType = file.sks; path = elements.sks; sourceTree = "<group>"; };
		5F63595E229B737A00C9ACE0 /* actors.sks */ = {isa = PBXFileReference; lastKnownFileType = file.sks; path = actors.sks; sourceTree = "<group>"; };
		5F635964229B7FDE00C9ACE0 /* ugly.sks */ = {isa = PBXFileReference; lastKnownFileType = file.sks; path = ugly.sks; sourceTree = "<group>"; };
		5F635966229C660300C9ACE0 /* end.sks */ = {isa = PBXFileReference; lastKnownFileType = file.sks; path = end.sks; sourceTree = "<group>"; };
		5F6F7698229A39FA0058B45E /* land.sks */ = {isa = PBXFileReference; lastKnownFileType = file.sks; path = land.sks; sourceTree = "<group>"; };
		5F7488A32419A8370044DE2C /* things.sks */ = {isa = PBXFileReference; lastKnownFileType = file.sks; path = things.sks; sourceTree = "<group>"; };
		5F82BF1624774D360027F17F /* 2.sks */ = {isa = PBXFileReference; lastKnownFileType = file.sks; path = 2.sks; sourceTree = "<group>"; };
		5F931E9C2475D68F005D0B14 /* blackHole.sks */ = {isa = PBXFileReference; lastKnownFileType = file.sks; path = blackHole.sks; sourceTree = "<group>"; };
		5FA3637C24184F0D0053A0C2 /* level01.sks */ = {isa = PBXFileReference; lastKnownFileType = file.sks; path = level01.sks; sourceTree = "<group>"; };
		5FA3637E241850E20053A0C2 /* level000.sks */ = {isa = PBXFileReference; lastKnownFileType = file.sks; path = level000.sks; sourceTree = "<group>"; };
		5FB573FB240FD520005877C1 /* gold.sks */ = {isa = PBXFileReference; lastKnownFileType = file.sks; path = gold.sks; sourceTree = "<group>"; };
		5FC8F68122939265004D8AB1 /* BadGuy.swift */ = {isa = PBXFileReference; lastKnownFileType = sourcecode.swift; path = BadGuy.swift; sourceTree = "<group>"; };
		5FD584442473798B00002002 /* level1.sks */ = {isa = PBXFileReference; lastKnownFileType = file.sks; path = level1.sks; sourceTree = "<group>"; };
		5FFC64B22409993A002C2E6D /* level0.sks */ = {isa = PBXFileReference; lastKnownFileType = file.sks; path = level0.sks; sourceTree = "<group>"; };
		CF14B6EC20008624002784DE /* fireParticle.sks */ = {isa = PBXFileReference; lastKnownFileType = file.sks; path = fireParticle.sks; sourceTree = "<group>"; };
		CF14B6EE200090B3002784DE /* AppDelegate.swift */ = {isa = PBXFileReference; fileEncoding = 4; lastKnownFileType = sourcecode.swift; path = AppDelegate.swift; sourceTree = "<group>"; };
		CF3A13BC1FFDBD1200F2F6C6 /* UFEmoji.app */ = {isa = PBXFileReference; explicitFileType = wrapper.application; includeInIndex = 0; path = UFEmoji.app; sourceTree = BUILT_PRODUCTS_DIR; };
		CF3A15491FFDBE8300F2F6C6 /* FileDirectory.swift */ = {isa = PBXFileReference; fileEncoding = 4; lastKnownFileType = sourcecode.swift; path = FileDirectory.swift; sourceTree = "<group>"; };
		CF3A154A1FFDBE8400F2F6C6 /* FileHelper.swift */ = {isa = PBXFileReference; fileEncoding = 4; lastKnownFileType = sourcecode.swift; path = FileHelper.swift; sourceTree = "<group>"; };
		CF3A154B1FFDBE8600F2F6C6 /* FileSave.swift */ = {isa = PBXFileReference; fileEncoding = 4; lastKnownFileType = sourcecode.swift; path = FileSave.swift; sourceTree = "<group>"; };
		CF3A154C1FFDBE8700F2F6C6 /* FileLoad.swift */ = {isa = PBXFileReference; fileEncoding = 4; lastKnownFileType = sourcecode.swift; path = FileLoad.swift; sourceTree = "<group>"; };
		CF3A15521FFDBEA200F2F6C6 /* GameMenu.sks */ = {isa = PBXFileReference; lastKnownFileType = file.sks; path = GameMenu.sks; sourceTree = "<group>"; };
		CF3A15531FFDBEA300F2F6C6 /* GameMenu.swift */ = {isa = PBXFileReference; fileEncoding = 4; lastKnownFileType = sourcecode.swift; path = GameMenu.swift; sourceTree = "<group>"; };
		CF3A15541FFDBEA500F2F6C6 /* GameScene.swift */ = {isa = PBXFileReference; fileEncoding = 4; lastKnownFileType = sourcecode.swift; path = GameScene.swift; sourceTree = "<group>"; };
		CF3A15551FFDBEA700F2F6C6 /* GameProjectiles.swift */ = {isa = PBXFileReference; fileEncoding = 4; lastKnownFileType = sourcecode.swift; path = GameProjectiles.swift; sourceTree = "<group>"; };
		CF3A155A1FFDBEB100F2F6C6 /* GameViewController.swift */ = {isa = PBXFileReference; fileEncoding = 4; lastKnownFileType = sourcecode.swift; path = GameViewController.swift; sourceTree = "<group>"; };
		CF3A155B1FFDBEB200F2F6C6 /* GameOver.swift */ = {isa = PBXFileReference; fileEncoding = 4; lastKnownFileType = sourcecode.swift; path = GameOver.swift; sourceTree = "<group>"; };
		CF3A155C1FFDBEB400F2F6C6 /* GameStartup.swift */ = {isa = PBXFileReference; fileEncoding = 4; lastKnownFileType = sourcecode.swift; path = GameStartup.swift; sourceTree = "<group>"; };
		CF3A155D1FFDBEB500F2F6C6 /* GameSettings.swift */ = {isa = PBXFileReference; fileEncoding = 4; lastKnownFileType = sourcecode.swift; path = GameSettings.swift; sourceTree = "<group>"; };
		CF3A15641FFDBEDB00F2F6C6 /* LevelUp.swift */ = {isa = PBXFileReference; fileEncoding = 4; lastKnownFileType = sourcecode.swift; path = LevelUp.swift; sourceTree = "<group>"; };
		CF3A15651FFDBEDC00F2F6C6 /* StartUp.swift */ = {isa = PBXFileReference; fileEncoding = 4; lastKnownFileType = sourcecode.swift; path = StartUp.swift; sourceTree = "<group>"; };
		CF3A15681FFDBEF700F2F6C6 /* tileMapRun.swift */ = {isa = PBXFileReference; fileEncoding = 4; lastKnownFileType = sourcecode.swift; path = tileMapRun.swift; sourceTree = "<group>"; };
		CF3A156C1FFDBF1100F2F6C6 /* water.sks */ = {isa = PBXFileReference; lastKnownFileType = file.sks; path = water.sks; sourceTree = "<group>"; };
		CF3A15701FFDBF2000F2F6C6 /* wah2.m4a */ = {isa = PBXFileReference; lastKnownFileType = file; path = wah2.m4a; sourceTree = "<group>"; };
		CF3A15711FFDBF2A00F2F6C6 /* boomFire2.m4a */ = {isa = PBXFileReference; lastKnownFileType = file; path = boomFire2.m4a; sourceTree = "<group>"; };
		CF3A15721FFDBF2C00F2F6C6 /* Explosion1.m4a */ = {isa = PBXFileReference; lastKnownFileType = file; path = Explosion1.m4a; sourceTree = "<group>"; };
		CF3A15731FFDBF2D00F2F6C6 /* boomFire1.m4a */ = {isa = PBXFileReference; lastKnownFileType = file; path = boomFire1.m4a; sourceTree = "<group>"; };
		CF3A15741FFDBF5900F2F6C6 /* emulogic.ttf */ = {isa = PBXFileReference; lastKnownFileType = file; path = emulogic.ttf; sourceTree = "<group>"; };
		CF3A15771FFDBF7900F2F6C6 /* music2.m4a */ = {isa = PBXFileReference; lastKnownFileType = file; path = music2.m4a; sourceTree = "<group>"; };
		CF3A15781FFDBF7B00F2F6C6 /* music1.mp3 */ = {isa = PBXFileReference; lastKnownFileType = audio.mp3; path = music1.mp3; sourceTree = "<group>"; };
		CF3A157C1FFDBF9500F2F6C6 /* ThumbPad.swift */ = {isa = PBXFileReference; fileEncoding = 4; lastKnownFileType = sourcecode.swift; path = ThumbPad.swift; sourceTree = "<group>"; };
		CF3A157E1FFDBFA600F2F6C6 /* LaunchScreen.storyboard */ = {isa = PBXFileReference; fileEncoding = 4; lastKnownFileType = file.storyboard; path = LaunchScreen.storyboard; sourceTree = "<group>"; };
		CF3A15821FFDBFBC00F2F6C6 /* fire.m4a */ = {isa = PBXFileReference; lastKnownFileType = file; path = fire.m4a; sourceTree = "<group>"; };
		CF3A15881FFDC03100F2F6C6 /* magicParticle.sks */ = {isa = PBXFileReference; lastKnownFileType = file.sks; path = magicParticle.sks; sourceTree = "<group>"; };
		CF3A15891FFDC03200F2F6C6 /* smokeParticle.sks */ = {isa = PBXFileReference; lastKnownFileType = file.sks; path = smokeParticle.sks; sourceTree = "<group>"; };
		CF3A158E1FFDC08500F2F6C6 /* Main.storyboard */ = {isa = PBXFileReference; fileEncoding = 4; lastKnownFileType = file.storyboard; path = Main.storyboard; sourceTree = "<group>"; };
		CF3A15911FFDC24B00F2F6C6 /* UFEmoji-Bridging-Header.h */ = {isa = PBXFileReference; lastKnownFileType = sourcecode.c.h; path = "UFEmoji-Bridging-Header.h"; sourceTree = "<group>"; };
		CF3A15C01FFDCE5500F2F6C6 /* Info.plist */ = {isa = PBXFileReference; fileEncoding = 4; lastKnownFileType = text.plist.xml; path = Info.plist; sourceTree = "<group>"; };
		EA0E9CEC200BD170004A55E8 /* murrmurr.m4a */ = {isa = PBXFileReference; lastKnownFileType = file; path = murrmurr.m4a; sourceTree = "<group>"; };
		EA0E9CED200BD170004A55E8 /* doublelaser.m4a */ = {isa = PBXFileReference; lastKnownFileType = file; path = doublelaser.m4a; sourceTree = "<group>"; };
		EA0E9CEE200BD170004A55E8 /* extralife.m4a */ = {isa = PBXFileReference; lastKnownFileType = file; path = extralife.m4a; sourceTree = "<group>"; };
		EA103B2F200C20E400C6BBCB /* 1.sks */ = {isa = PBXFileReference; lastKnownFileType = file.sks; path = 1.sks; sourceTree = "<group>"; };
		EA161AE8201839630006F3FA /* sadmonkey1.mp4 */ = {isa = PBXFileReference; lastKnownFileType = file; path = sadmonkey1.mp4; sourceTree = "<group>"; };
		EA32F6B3202D3D4300FE7680 /* aura.sks */ = {isa = PBXFileReference; lastKnownFileType = file.sks; path = aura.sks; sourceTree = "<group>"; };
		EA36F58B2022AAB70039BB18 /* minigamehole.sks */ = {isa = PBXFileReference; lastKnownFileType = file.sks; path = minigamehole.sks; sourceTree = "<group>"; };
		EAB316E2200B1122003C22C4 /* blueParticle.sks */ = {isa = PBXFileReference; lastKnownFileType = file.sks; path = blueParticle.sks; sourceTree = "<group>"; };
		EAB316E3200B1122003C22C4 /* grayParticle.sks */ = {isa = PBXFileReference; lastKnownFileType = file.sks; path = grayParticle.sks; sourceTree = "<group>"; };
		EAD9CF89200D784200D8DDF5 /* Assets.xcassets */ = {isa = PBXFileReference; lastKnownFileType = folder.assetcatalog; path = Assets.xcassets; sourceTree = "<group>"; };
/* End PBXFileReference section */

/* Begin PBXFrameworksBuildPhase section */
		CF3A13B91FFDBD1200F2F6C6 /* Frameworks */ = {
			isa = PBXFrameworksBuildPhase;
			buildActionMask = 2147483647;
			files = (
			);
			runOnlyForDeploymentPostprocessing = 0;
		};
/* End PBXFrameworksBuildPhase section */

/* Begin PBXGroup section */
		CF3A13B31FFDBD1200F2F6C6 = {
			isa = PBXGroup;
			children = (
				CF3A13BE1FFDBD1200F2F6C6 /* UFEmoji */,
				CF3A13BD1FFDBD1200F2F6C6 /* Products */,
			);
			sourceTree = "<group>";
		};
		CF3A13BD1FFDBD1200F2F6C6 /* Products */ = {
			isa = PBXGroup;
			children = (
				CF3A13BC1FFDBD1200F2F6C6 /* UFEmoji.app */,
			);
			name = Products;
			sourceTree = "<group>";
		};
		CF3A13BE1FFDBD1200F2F6C6 /* UFEmoji */ = {
			isa = PBXGroup;
			children = (
				CF3A14E41FFDBE1800F2F6C6 /* Levels */,
				CF3A156A1FFDBF0400F2F6C6 /* TileSets */,
				CF3A157B1FFDBF8500F2F6C6 /* ThumbPad */,
				CF3A15761FFDBF6C00F2F6C6 /* Music */,
				CF3A156B1FFDBF1100F2F6C6 /* Sounds */,
				CF3A15631FFDBECE00F2F6C6 /* Transitions */,
				EA161AE7201837F10006F3FA /* Movies */,
				CF3A15511FFDBE8B00F2F6C6 /* Game */,
				CF3A15831FFDBFD000F2F6C6 /* Particles */,
				CF3A15481FFDBE6A00F2F6C6 /* Files */,
				CF3A157E1FFDBFA600F2F6C6 /* LaunchScreen.storyboard */,
				CF14B6EE200090B3002784DE /* AppDelegate.swift */,
				CF3A158E1FFDC08500F2F6C6 /* Main.storyboard */,
				CF3A15741FFDBF5900F2F6C6 /* emulogic.ttf */,
				CF3A15911FFDC24B00F2F6C6 /* UFEmoji-Bridging-Header.h */,
				CF3A15C01FFDCE5500F2F6C6 /* Info.plist */,
			);
			path = UFEmoji;
			sourceTree = "<group>";
		};
		CF3A14E41FFDBE1800F2F6C6 /* Levels */ = {
			isa = PBXGroup;
			children = (
				EA59C102200AEB2C00CBB9F1 /* levels 9-16 */,
				EA59C0FF200AE8AA00CBB9F1 /* levels 1-8 */,
			);
			name = Levels;
			sourceTree = "<group>";
		};
		CF3A15481FFDBE6A00F2F6C6 /* Files */ = {
			isa = PBXGroup;
			children = (
				CF3A15491FFDBE8300F2F6C6 /* FileDirectory.swift */,
				CF3A154A1FFDBE8400F2F6C6 /* FileHelper.swift */,
				CF3A154C1FFDBE8700F2F6C6 /* FileLoad.swift */,
				CF3A154B1FFDBE8600F2F6C6 /* FileSave.swift */,
			);
			name = Files;
			sourceTree = "<group>";
		};
		CF3A15511FFDBE8B00F2F6C6 /* Game */ = {
			isa = PBXGroup;
			children = (
				CF3A155C1FFDBEB400F2F6C6 /* GameStartup.swift */,
				CF3A15541FFDBEA500F2F6C6 /* GameScene.swift */,
				5FC8F68122939265004D8AB1 /* BadGuy.swift */,
				CF3A15681FFDBEF700F2F6C6 /* tileMapRun.swift */,
				CF3A155D1FFDBEB500F2F6C6 /* GameSettings.swift */,
				CF3A15521FFDBEA200F2F6C6 /* GameMenu.sks */,
				CF3A15531FFDBEA300F2F6C6 /* GameMenu.swift */,
				CF3A15551FFDBEA700F2F6C6 /* GameProjectiles.swift */,
				CF3A155A1FFDBEB100F2F6C6 /* GameViewController.swift */,
			);
			name = Game;
			sourceTree = "<group>";
		};
		CF3A15631FFDBECE00F2F6C6 /* Transitions */ = {
			isa = PBXGroup;
			children = (
				CF3A155B1FFDBEB200F2F6C6 /* GameOver.swift */,
				CF3A15651FFDBEDC00F2F6C6 /* StartUp.swift */,
				CF3A15641FFDBEDB00F2F6C6 /* LevelUp.swift */,
			);
			name = Transitions;
			sourceTree = "<group>";
		};
		CF3A156A1FFDBF0400F2F6C6 /* TileSets */ = {
			isa = PBXGroup;
			children = (
				5F302E002419A5B0001D709D /* eats.sks */,
				5F59A5D32419A76E0007A890 /* animals.sks */,
				5F635964229B7FDE00C9ACE0 /* ugly.sks */,
				5F63595E229B737A00C9ACE0 /* actors.sks */,
				5F25119124132F5E00B9B84C /* powerups.sks */,
				5F635958229B53DA00C9ACE0 /* elements.sks */,
				5FB573FB240FD520005877C1 /* gold.sks */,
				5F6F7698229A39FA0058B45E /* land.sks */,
				5F635966229C660300C9ACE0 /* end.sks */,
				5F7488A32419A8370044DE2C /* things.sks */,
				CF3A156C1FFDBF1100F2F6C6 /* water.sks */,
				EAD9CF89200D784200D8DDF5 /* Assets.xcassets */,
			);
			name = TileSets;
			sourceTree = "<group>";
		};
		CF3A156B1FFDBF1100F2F6C6 /* Sounds */ = {
			isa = PBXGroup;
			children = (
				EA0E9CED200BD170004A55E8 /* doublelaser.m4a */,
				EA0E9CEE200BD170004A55E8 /* extralife.m4a */,
				EA0E9CEC200BD170004A55E8 /* murrmurr.m4a */,
				CF3A15821FFDBFBC00F2F6C6 /* fire.m4a */,
				CF3A15731FFDBF2D00F2F6C6 /* boomFire1.m4a */,
				CF3A15711FFDBF2A00F2F6C6 /* boomFire2.m4a */,
				CF3A15721FFDBF2C00F2F6C6 /* Explosion1.m4a */,
				CF3A15701FFDBF2000F2F6C6 /* wah2.m4a */,
			);
			name = Sounds;
			sourceTree = "<group>";
		};
		CF3A15761FFDBF6C00F2F6C6 /* Music */ = {
			isa = PBXGroup;
			children = (
				CF3A15781FFDBF7B00F2F6C6 /* music1.mp3 */,
				CF3A15771FFDBF7900F2F6C6 /* music2.m4a */,
			);
			name = Music;
			sourceTree = "<group>";
		};
		CF3A157B1FFDBF8500F2F6C6 /* ThumbPad */ = {
			isa = PBXGroup;
			children = (
				CF3A157C1FFDBF9500F2F6C6 /* ThumbPad.swift */,
			);
			name = ThumbPad;
			sourceTree = "<group>";
		};
		CF3A15831FFDBFD000F2F6C6 /* Particles */ = {
			isa = PBXGroup;
			children = (
				5F931E9C2475D68F005D0B14 /* blackHole.sks */,
				EA32F6B3202D3D4300FE7680 /* aura.sks */,
				EA36F58B2022AAB70039BB18 /* minigamehole.sks */,
				EAB316E2200B1122003C22C4 /* blueParticle.sks */,
				EAB316E3200B1122003C22C4 /* grayParticle.sks */,
				CF14B6EC20008624002784DE /* fireParticle.sks */,
				CF3A15881FFDC03100F2F6C6 /* magicParticle.sks */,
				CF3A15891FFDC03200F2F6C6 /* smokeParticle.sks */,
			);
			name = Particles;
			sourceTree = "<group>";
		};
		EA161AE7201837F10006F3FA /* Movies */ = {
			isa = PBXGroup;
			children = (
				EA161AE8201839630006F3FA /* sadmonkey1.mp4 */,
			);
			name = Movies;
			sourceTree = "<group>";
		};
		EA59C0FF200AE8AA00CBB9F1 /* levels 1-8 */ = {
			isa = PBXGroup;
			children = (
				5FA3637E241850E20053A0C2 /* level000.sks */,
				5FFC64B22409993A002C2E6D /* level0.sks */,
				5FA3637C24184F0D0053A0C2 /* level01.sks */,
				5FD584442473798B00002002 /* level1.sks */,
				EA103B2F200C20E400C6BBCB /* 1.sks */,
				5F82BF1624774D360027F17F /* 2.sks */,
			);
			name = "levels 1-8";
			sourceTree = "<group>";
		};
		EA59C102200AEB2C00CBB9F1 /* levels 9-16 */ = {
			isa = PBXGroup;
			children = (
			);
			name = "levels 9-16";
			sourceTree = "<group>";
		};
/* End PBXGroup section */

/* Begin PBXNativeTarget section */
		CF3A13BB1FFDBD1200F2F6C6 /* UFEmoji */ = {
			isa = PBXNativeTarget;
			buildConfigurationList = CF3A13D41FFDBD1200F2F6C6 /* Build configuration list for PBXNativeTarget "UFEmoji" */;
			buildPhases = (
				CF3A13B81FFDBD1200F2F6C6 /* Sources */,
				CF3A13B91FFDBD1200F2F6C6 /* Frameworks */,
				CF3A13BA1FFDBD1200F2F6C6 /* Resources */,
			);
			buildRules = (
			);
			dependencies = (
			);
			name = UFEmoji;
			productName = UFEmoji;
			productReference = CF3A13BC1FFDBD1200F2F6C6 /* UFEmoji.app */;
			productType = "com.apple.product-type.application";
		};
/* End PBXNativeTarget section */

/* Begin PBXProject section */
		CF3A13B41FFDBD1200F2F6C6 /* Project object */ = {
			isa = PBXProject;
			attributes = {
				LastSwiftUpdateCheck = 0920;
				LastUpgradeCheck = 1020;
				ORGANIZATIONNAME = "Todd Bruss";
				TargetAttributes = {
					CF3A13BB1FFDBD1200F2F6C6 = {
						CreatedOnToolsVersion = 9.2;
						LastSwiftMigration = 1020;
						ProvisioningStyle = Automatic;
					};
				};
			};
			buildConfigurationList = CF3A13B71FFDBD1200F2F6C6 /* Build configuration list for PBXProject "UFEmoji" */;
			compatibilityVersion = "Xcode 8.0";
			developmentRegion = en;
			hasScannedForEncodings = 0;
			knownRegions = (
				en,
				Base,
			);
			mainGroup = CF3A13B31FFDBD1200F2F6C6;
			productRefGroup = CF3A13BD1FFDBD1200F2F6C6 /* Products */;
			projectDirPath = "";
			projectRoot = "";
			targets = (
				CF3A13BB1FFDBD1200F2F6C6 /* UFEmoji */,
			);
		};
/* End PBXProject section */

/* Begin PBXResourcesBuildPhase section */
		CF3A13BA1FFDBD1200F2F6C6 /* Resources */ = {
			isa = PBXResourcesBuildPhase;
			buildActionMask = 2147483647;
			files = (
				5F931E9E24760B88005D0B14 /* 1.sks in Resources */,
				5FA3637D24184F0D0053A0C2 /* level01.sks in Resources */,
				EA0E9CF0200BD171004A55E8 /* doublelaser.m4a in Resources */,
				EA0E9CF1200BD171004A55E8 /* extralife.m4a in Resources */,
				EA0E9CEF200BD171004A55E8 /* murrmurr.m4a in Resources */,
				5F59A5D42419A76E0007A890 /* animals.sks in Resources */,
				CF68A4DC1FFEFC4E006848DA /* fire.m4a in Resources */,
				CF68A4DD1FFEFC4E006848DA /* boomFire1.m4a in Resources */,
				CF68A4DE1FFEFC4E006848DA /* boomFire2.m4a in Resources */,
				5F7488A42419A8370044DE2C /* things.sks in Resources */,
				5FA3637F241850E20053A0C2 /* level000.sks in Resources */,
				CF68A4DF1FFEFC4E006848DA /* Explosion1.m4a in Resources */,
				CF14B6ED20008624002784DE /* fireParticle.sks in Resources */,
				CF68A4E01FFEFC4E006848DA /* wah2.m4a in Resources */,
				CF3A15791FFDBF7B00F2F6C6 /* music2.m4a in Resources */,
				5F82BF1724774D360027F17F /* 2.sks in Resources */,
				CF3A157A1FFDBF7B00F2F6C6 /* music1.mp3 in Resources */,
				EA32F6B4202D3D4300FE7680 /* aura.sks in Resources */,
				EAB316E5200B1122003C22C4 /* grayParticle.sks in Resources */,
				EA161AE9201839630006F3FA /* sadmonkey1.mp4 in Resources */,
				5F25119224132F5E00B9B84C /* powerups.sks in Resources */,
				5F635965229B7FDE00C9ACE0 /* ugly.sks in Resources */,
				CF3A158A1FFDC03200F2F6C6 /* magicParticle.sks in Resources */,
				EAD9CF8A200D784300D8DDF5 /* Assets.xcassets in Resources */,
				5FB573FC240FD520005877C1 /* gold.sks in Resources */,
				EA36F58C2022AAB70039BB18 /* minigamehole.sks in Resources */,
				5FFC64B32409993A002C2E6D /* level0.sks in Resources */,
				CF3A156E1FFDBF1300F2F6C6 /* water.sks in Resources */,
				CF3A15801FFDBFA800F2F6C6 /* LaunchScreen.storyboard in Resources */,
				5F931E9D2475D68F005D0B14 /* blackHole.sks in Resources */,
				5F635967229C660300C9ACE0 /* end.sks in Resources */,
				EAB316E4200B1122003C22C4 /* blueParticle.sks in Resources */,
				5F635959229B53DA00C9ACE0 /* elements.sks in Resources */,
				CF3A158F1FFDC08500F2F6C6 /* Main.storyboard in Resources */,
				5F63595F229B737A00C9ACE0 /* actors.sks in Resources */,
				CF3A158B1FFDC03200F2F6C6 /* smokeParticle.sks in Resources */,
				5FD584452473798C00002002 /* level1.sks in Resources */,
				5F302E012419A5B0001D709D /* eats.sks in Resources */,
				5F6F7699229A39FB0058B45E /* land.sks in Resources */,
				CF3A15751FFDBF5900F2F6C6 /* emulogic.ttf in Resources */,
				CF3A15561FFDBEA700F2F6C6 /* GameMenu.sks in Resources */,
			);
			runOnlyForDeploymentPostprocessing = 0;
		};
/* End PBXResourcesBuildPhase section */

/* Begin PBXSourcesBuildPhase section */
		CF3A13B81FFDBD1200F2F6C6 /* Sources */ = {
			isa = PBXSourcesBuildPhase;
			buildActionMask = 2147483647;
			files = (
				CF3A15581FFDBEA700F2F6C6 /* GameScene.swift in Sources */,
				CF3A15661FFDBEDC00F2F6C6 /* LevelUp.swift in Sources */,
				CF3A15591FFDBEA700F2F6C6 /* GameProjectiles.swift in Sources */,
				CF3A15611FFDBEB500F2F6C6 /* GameSettings.swift in Sources */,
				CF3A15691FFDBEF700F2F6C6 /* tileMapRun.swift in Sources */,
				CF3A154D1FFDBE8700F2F6C6 /* FileDirectory.swift in Sources */,
				CF3A15601FFDBEB500F2F6C6 /* GameStartup.swift in Sources */,
				CF3A155F1FFDBEB500F2F6C6 /* GameOver.swift in Sources */,
				CF14B6EF200090B3002784DE /* AppDelegate.swift in Sources */,
				CF3A15571FFDBEA700F2F6C6 /* GameMenu.swift in Sources */,
				CF3A155E1FFDBEB500F2F6C6 /* GameViewController.swift in Sources */,
				CF3A15501FFDBE8700F2F6C6 /* FileLoad.swift in Sources */,
				CF3A15671FFDBEDC00F2F6C6 /* StartUp.swift in Sources */,
				CF3A157D1FFDBF9500F2F6C6 /* ThumbPad.swift in Sources */,
				CF3A154F1FFDBE8700F2F6C6 /* FileSave.swift in Sources */,
				5FC8F68222939265004D8AB1 /* BadGuy.swift in Sources */,
				CF3A154E1FFDBE8700F2F6C6 /* FileHelper.swift in Sources */,
			);
			runOnlyForDeploymentPostprocessing = 0;
		};
/* End PBXSourcesBuildPhase section */

/* Begin XCBuildConfiguration section */
		CF3A13D21FFDBD1200F2F6C6 /* Debug */ = {
			isa = XCBuildConfiguration;
			buildSettings = {
				ALWAYS_SEARCH_USER_PATHS = NO;
				CLANG_ANALYZER_NONNULL = YES;
				CLANG_ANALYZER_NUMBER_OBJECT_CONVERSION = YES_AGGRESSIVE;
				CLANG_CXX_LANGUAGE_STANDARD = "gnu++14";
				CLANG_CXX_LIBRARY = "libc++";
				CLANG_ENABLE_MODULES = YES;
				CLANG_ENABLE_OBJC_ARC = YES;
				CLANG_WARN_BLOCK_CAPTURE_AUTORELEASING = YES;
				CLANG_WARN_BOOL_CONVERSION = YES;
				CLANG_WARN_COMMA = YES;
				CLANG_WARN_CONSTANT_CONVERSION = YES;
				CLANG_WARN_DEPRECATED_OBJC_IMPLEMENTATIONS = YES;
				CLANG_WARN_DIRECT_OBJC_ISA_USAGE = YES_ERROR;
				CLANG_WARN_DOCUMENTATION_COMMENTS = YES;
				CLANG_WARN_EMPTY_BODY = YES;
				CLANG_WARN_ENUM_CONVERSION = YES;
				CLANG_WARN_INFINITE_RECURSION = YES;
				CLANG_WARN_INT_CONVERSION = YES;
				CLANG_WARN_NON_LITERAL_NULL_CONVERSION = YES;
				CLANG_WARN_OBJC_IMPLICIT_RETAIN_SELF = YES;
				CLANG_WARN_OBJC_LITERAL_CONVERSION = YES;
				CLANG_WARN_OBJC_ROOT_CLASS = YES_ERROR;
				CLANG_WARN_RANGE_LOOP_ANALYSIS = YES;
				CLANG_WARN_STRICT_PROTOTYPES = YES;
				CLANG_WARN_SUSPICIOUS_MOVE = YES;
				CLANG_WARN_UNGUARDED_AVAILABILITY = YES_AGGRESSIVE;
				CLANG_WARN_UNREACHABLE_CODE = YES;
				CLANG_WARN__DUPLICATE_METHOD_MATCH = YES;
				CODE_SIGN_IDENTITY = "iPhone Developer";
				COPY_PHASE_STRIP = NO;
				DEBUG_INFORMATION_FORMAT = dwarf;
				ENABLE_BITCODE = YES;
				ENABLE_STRICT_OBJC_MSGSEND = YES;
				ENABLE_TESTABILITY = YES;
				GCC_C_LANGUAGE_STANDARD = gnu11;
				GCC_DYNAMIC_NO_PIC = NO;
				GCC_NO_COMMON_BLOCKS = YES;
				GCC_OPTIMIZATION_LEVEL = 0;
				GCC_PREPROCESSOR_DEFINITIONS = (
					"DEBUG=1",
					"$(inherited)",
				);
				GCC_WARN_64_TO_32_BIT_CONVERSION = YES;
				GCC_WARN_ABOUT_RETURN_TYPE = YES_ERROR;
				GCC_WARN_UNDECLARED_SELECTOR = YES;
				GCC_WARN_UNINITIALIZED_AUTOS = YES_AGGRESSIVE;
				GCC_WARN_UNUSED_FUNCTION = YES;
				GCC_WARN_UNUSED_VARIABLE = YES;
				IPHONEOS_DEPLOYMENT_TARGET = 13.2;
				MTL_ENABLE_DEBUG_INFO = YES;
				ONLY_ACTIVE_ARCH = YES;
				SDKROOT = iphoneos;
				SWIFT_ACTIVE_COMPILATION_CONDITIONS = DEBUG;
				SWIFT_OPTIMIZATION_LEVEL = "-O";
				SWIFT_VERSION = 5.0;
			};
			name = Debug;
		};
		CF3A13D31FFDBD1200F2F6C6 /* Release */ = {
			isa = XCBuildConfiguration;
			buildSettings = {
				ALWAYS_SEARCH_USER_PATHS = NO;
				CLANG_ANALYZER_NONNULL = YES;
				CLANG_ANALYZER_NUMBER_OBJECT_CONVERSION = YES_AGGRESSIVE;
				CLANG_CXX_LANGUAGE_STANDARD = "gnu++14";
				CLANG_CXX_LIBRARY = "libc++";
				CLANG_ENABLE_MODULES = YES;
				CLANG_ENABLE_OBJC_ARC = YES;
				CLANG_WARN_BLOCK_CAPTURE_AUTORELEASING = YES;
				CLANG_WARN_BOOL_CONVERSION = YES;
				CLANG_WARN_COMMA = YES;
				CLANG_WARN_CONSTANT_CONVERSION = YES;
				CLANG_WARN_DEPRECATED_OBJC_IMPLEMENTATIONS = YES;
				CLANG_WARN_DIRECT_OBJC_ISA_USAGE = YES_ERROR;
				CLANG_WARN_DOCUMENTATION_COMMENTS = YES;
				CLANG_WARN_EMPTY_BODY = YES;
				CLANG_WARN_ENUM_CONVERSION = YES;
				CLANG_WARN_INFINITE_RECURSION = YES;
				CLANG_WARN_INT_CONVERSION = YES;
				CLANG_WARN_NON_LITERAL_NULL_CONVERSION = YES;
				CLANG_WARN_OBJC_IMPLICIT_RETAIN_SELF = YES;
				CLANG_WARN_OBJC_LITERAL_CONVERSION = YES;
				CLANG_WARN_OBJC_ROOT_CLASS = YES_ERROR;
				CLANG_WARN_RANGE_LOOP_ANALYSIS = YES;
				CLANG_WARN_STRICT_PROTOTYPES = YES;
				CLANG_WARN_SUSPICIOUS_MOVE = YES;
				CLANG_WARN_UNGUARDED_AVAILABILITY = YES_AGGRESSIVE;
				CLANG_WARN_UNREACHABLE_CODE = YES;
				CLANG_WARN__DUPLICATE_METHOD_MATCH = YES;
				CODE_SIGN_IDENTITY = "iPhone Developer";
				COPY_PHASE_STRIP = NO;
				DEBUG_INFORMATION_FORMAT = "dwarf-with-dsym";
				ENABLE_BITCODE = YES;
				ENABLE_NS_ASSERTIONS = NO;
				ENABLE_STRICT_OBJC_MSGSEND = YES;
				GCC_C_LANGUAGE_STANDARD = gnu11;
				GCC_NO_COMMON_BLOCKS = YES;
				GCC_WARN_64_TO_32_BIT_CONVERSION = YES;
				GCC_WARN_ABOUT_RETURN_TYPE = YES_ERROR;
				GCC_WARN_UNDECLARED_SELECTOR = YES;
				GCC_WARN_UNINITIALIZED_AUTOS = YES_AGGRESSIVE;
				GCC_WARN_UNUSED_FUNCTION = YES;
				GCC_WARN_UNUSED_VARIABLE = YES;
				IPHONEOS_DEPLOYMENT_TARGET = 13.2;
				MTL_ENABLE_DEBUG_INFO = NO;
				SDKROOT = iphoneos;
				SWIFT_OPTIMIZATION_LEVEL = "-Owholemodule";
				SWIFT_VERSION = 5.0;
				VALIDATE_PRODUCT = YES;
			};
			name = Release;
		};
		CF3A13D51FFDBD1200F2F6C6 /* Debug */ = {
			isa = XCBuildConfiguration;
			buildSettings = {
				ASSETCATALOG_COMPILER_APPICON_NAME = AppIcon;
				CLANG_ENABLE_MODULES = YES;
				"CODE_SIGN_IDENTITY[sdk=iphoneos*]" = "iPhone Developer";
				CODE_SIGN_STYLE = Automatic;
				CURRENT_PROJECT_VERSION = 28;
				DEVELOPMENT_TEAM = 469UCUB275;
				ENABLE_BITCODE = YES;
				INFOPLIST_FILE = UFEmoji/Info.plist;
				IPHONEOS_DEPLOYMENT_TARGET = 13.2;
				LD_RUNPATH_SEARCH_PATHS = "$(inherited) @executable_path/Frameworks";
				MARKETING_VERSION = 1.0.2;
				PRODUCT_BUNDLE_IDENTIFIER = "com.bruss.todd.UFO-Emoji";
				PRODUCT_NAME = "$(TARGET_NAME)";
				PROVISIONING_PROFILE_SPECIFIER = "";
				SWIFT_OBJC_BRIDGING_HEADER = "UFEmoji/UFEmoji-Bridging-Header.h";
				SWIFT_OPTIMIZATION_LEVEL = "-Onone";
				SWIFT_VERSION = 5.0;
				TARGETED_DEVICE_FAMILY = 1;
			};
			name = Debug;
		};
		CF3A13D61FFDBD1200F2F6C6 /* Release */ = {
			isa = XCBuildConfiguration;
			buildSettings = {
				ASSETCATALOG_COMPILER_APPICON_NAME = AppIcon;
				CLANG_ENABLE_MODULES = YES;
				"CODE_SIGN_IDENTITY[sdk=iphoneos*]" = "iPhone Developer";
				CODE_SIGN_STYLE = Automatic;
				CURRENT_PROJECT_VERSION = 28;
				DEVELOPMENT_TEAM = 469UCUB275;
				ENABLE_BITCODE = YES;
				INFOPLIST_FILE = UFEmoji/Info.plist;
				IPHONEOS_DEPLOYMENT_TARGET = 13.2;
				LD_RUNPATH_SEARCH_PATHS = "$(inherited) @executable_path/Frameworks";
				MARKETING_VERSION = 1.0.2;
				PRODUCT_BUNDLE_IDENTIFIER = "com.bruss.todd.UFO-Emoji";
				PRODUCT_NAME = "$(TARGET_NAME)";
				PROVISIONING_PROFILE_SPECIFIER = "";
				SWIFT_OBJC_BRIDGING_HEADER = "UFEmoji/UFEmoji-Bridging-Header.h";
				SWIFT_OPTIMIZATION_LEVEL = "-Onone";
				SWIFT_VERSION = 5.0;
				TARGETED_DEVICE_FAMILY = 1;
			};
			name = Release;
		};
/* End XCBuildConfiguration section */

/* Begin XCConfigurationList section */
		CF3A13B71FFDBD1200F2F6C6 /* Build configuration list for PBXProject "UFEmoji" */ = {
			isa = XCConfigurationList;
			buildConfigurations = (
				CF3A13D21FFDBD1200F2F6C6 /* Debug */,
				CF3A13D31FFDBD1200F2F6C6 /* Release */,
			);
			defaultConfigurationIsVisible = 0;
			defaultConfigurationName = Release;
		};
		CF3A13D41FFDBD1200F2F6C6 /* Build configuration list for PBXNativeTarget "UFEmoji" */ = {
			isa = XCConfigurationList;
			buildConfigurations = (
				CF3A13D51FFDBD1200F2F6C6 /* Debug */,
				CF3A13D61FFDBD1200F2F6C6 /* Release */,
			);
			defaultConfigurationIsVisible = 0;
			defaultConfigurationName = Release;
		};
/* End XCConfigurationList section */
	};
	rootObject = CF3A13B41FFDBD1200F2F6C6 /* Project object */;
}
